
Microsoft Visual Studio Solution File, Format Version 11.00
# Visual Studio 2010
Project("{FAE04EC0-301F-11D3-BF4B-00C04F79EFBC}") = "Wizard's Chess", "Assembly-CSharp.csproj", "{8F600F3A-16BA-0BA5-94DA-951562F24044}"
EndProject
Project("{FAE04EC0-301F-11D3-BF4B-00C04F79EFBC}") = "Wizard's Chess", "Assembly-CSharp-Editor.csproj", "{953700C6-ACF8-BEAF-8599-F03624933BEE}"
EndProject
Global
	GlobalSection(SolutionConfigurationPlatforms) = preSolution
		Debug|Any CPU = Debug|Any CPU
		Release|Any CPU = Release|Any CPU
	EndGlobalSection
	GlobalSection(ProjectConfigurationPlatforms) = postSolution
		{8F600F3A-16BA-0BA5-94DA-951562F24044}.Debug|Any CPU.ActiveCfg = Debug|Any CPU
		{8F600F3A-16BA-0BA5-94DA-951562F24044}.Debug|Any CPU.Build.0 = Debug|Any CPU
		{8F600F3A-16BA-0BA5-94DA-951562F24044}.Release|Any CPU.ActiveCfg = Release|Any CPU
		{8F600F3A-16BA-0BA5-94DA-951562F24044}.Release|Any CPU.Build.0 = Release|Any CPU
		{953700C6-ACF8-BEAF-8599-F03624933BEE}.Debug|Any CPU.ActiveCfg = Debug|Any CPU
		{953700C6-ACF8-BEAF-8599-F03624933BEE}.Debug|Any CPU.Build.0 = Debug|Any CPU
		{953700C6-ACF8-BEAF-8599-F03624933BEE}.Release|Any CPU.ActiveCfg = Release|Any CPU
		{953700C6-ACF8-BEAF-8599-F03624933BEE}.Release|Any CPU.Build.0 = Release|Any CPU
	EndGlobalSection
	GlobalSection(SolutionProperties) = preSolution
		HideSolutionNode = FALSE
	EndGlobalSection
	GlobalSection(MonoDevelopProperties) = preSolution
		StartupItem = Assembly-CSharp.csproj
	EndGlobalSection
EndGlobal
